// !$*UTF8*$!
{
	archiveVersion = 1;
	classes = {
	};
	objectVersion = 46;
	objects = {

/* Begin PBXBuildFile section */
		30DF6F591CC8FBEF00BF9167 /* AllListsTableViewController.swift in Sources */ = {isa = PBXBuildFile; fileRef = 30DF6F581CC8FBEF00BF9167 /* AllListsTableViewController.swift */; };
		30FBF6FD1CC0FA9D00374229 /* AppDelegate.swift in Sources */ = {isa = PBXBuildFile; fileRef = 30FBF6FC1CC0FA9D00374229 /* AppDelegate.swift */; };
		30FBF6FF1CC0FA9D00374229 /* CheckListViewController.swift in Sources */ = {isa = PBXBuildFile; fileRef = 30FBF6FE1CC0FA9D00374229 /* CheckListViewController.swift */; };
		30FBF7021CC0FA9D00374229 /* Main.storyboard in Resources */ = {isa = PBXBuildFile; fileRef = 30FBF7001CC0FA9D00374229 /* Main.storyboard */; };
		30FBF7041CC0FA9D00374229 /* Assets.xcassets in Resources */ = {isa = PBXBuildFile; fileRef = 30FBF7031CC0FA9D00374229 /* Assets.xcassets */; };
		30FBF7071CC0FA9D00374229 /* LaunchScreen.storyboard in Resources */ = {isa = PBXBuildFile; fileRef = 30FBF7051CC0FA9D00374229 /* LaunchScreen.storyboard */; };
		30FBF70F1CC1132000374229 /* ChecklistItem.swift in Sources */ = {isa = PBXBuildFile; fileRef = 30FBF70E1CC1132000374229 /* ChecklistItem.swift */; };
		30FBF7111CC1377800374229 /* ItemDetailViewController.swift in Sources */ = {isa = PBXBuildFile; fileRef = 30FBF7101CC1377800374229 /* ItemDetailViewController.swift */; };
/* End PBXBuildFile section */

/* Begin PBXFileReference section */
		30DF6F581CC8FBEF00BF9167 /* AllListsTableViewController.swift */ = {isa = PBXFileReference; fileEncoding = 4; lastKnownFileType = sourcecode.swift; path = AllListsTableViewController.swift; sourceTree = "<group>"; };
		30FBF6F91CC0FA9D00374229 /* Checklists.app */ = {isa = PBXFileReference; explicitFileType = wrapper.application; includeInIndex = 0; path = Checklists.app; sourceTree = BUILT_PRODUCTS_DIR; };
		30FBF6FC1CC0FA9D00374229 /* AppDelegate.swift */ = {isa = PBXFileReference; lastKnownFileType = sourcecode.swift; path = AppDelegate.swift; sourceTree = "<group>"; };
		30FBF6FE1CC0FA9D00374229 /* CheckListViewController.swift */ = {isa = PBXFileReference; lastKnownFileType = sourcecode.swift; lineEnding = 0; path = CheckListViewController.swift; sourceTree = "<group>"; xcLanguageSpecificationIdentifier = xcode.lang.swift; };
		30FBF7011CC0FA9D00374229 /* Base */ = {isa = PBXFileReference; lastKnownFileType = file.storyboard; name = Base; path = Base.lproj/Main.storyboard; sourceTree = "<group>"; };
		30FBF7031CC0FA9D00374229 /* Assets.xcassets */ = {isa = PBXFileReference; lastKnownFileType = folder.assetcatalog; path = Assets.xcassets; sourceTree = "<group>"; };
		30FBF7061CC0FA9D00374229 /* Base */ = {isa = PBXFileReference; lastKnownFileType = file.storyboard; name = Base; path = Base.lproj/LaunchScreen.storyboard; sourceTree = "<group>"; };
		30FBF7081CC0FA9D00374229 /* Info.plist */ = {isa = PBXFileReference; lastKnownFileType = text.plist.xml; path = Info.plist; sourceTree = "<group>"; };
		30FBF70E1CC1132000374229 /* ChecklistItem.swift */ = {isa = PBXFileReference; fileEncoding = 4; lastKnownFileType = sourcecode.swift; path = ChecklistItem.swift; sourceTree = "<group>"; };
		30FBF7101CC1377800374229 /* ItemDetailViewController.swift */ = {isa = PBXFileReference; fileEncoding = 4; lastKnownFileType = sourcecode.swift; lineEnding = 0; path = ItemDetailViewController.swift; sourceTree = "<group>"; xcLanguageSpecificationIdentifier = xcode.lang.swift; };
/* End PBXFileReference section */

/* Begin PBXFrameworksBuildPhase section */
		30FBF6F61CC0FA9D00374229 /* Frameworks */ = {
			isa = PBXFrameworksBuildPhase;
			buildActionMask = 2147483647;
			files = (
			);
			runOnlyForDeploymentPostprocessing = 0;
		};
/* End PBXFrameworksBuildPhase section */

/* Begin PBXGroup section */
		30FBF6F01CC0FA9D00374229 = {
			isa = PBXGroup;
			children = (
				30FBF6FB1CC0FA9D00374229 /* Checklists */,
				30FBF6FA1CC0FA9D00374229 /* Products */,
			);
			sourceTree = "<group>";
		};
		30FBF6FA1CC0FA9D00374229 /* Products */ = {
			isa = PBXGroup;
			children = (
				30FBF6F91CC0FA9D00374229 /* Checklists.app */,
			);
			name = Products;
			sourceTree = "<group>";
		};
		30FBF6FB1CC0FA9D00374229 /* Checklists */ = {
			isa = PBXGroup;
			children = (
				30FBF6FC1CC0FA9D00374229 /* AppDelegate.swift */,
				30FBF6FE1CC0FA9D00374229 /* CheckListViewController.swift */,
				30DF6F581CC8FBEF00BF9167 /* AllListsTableViewController.swift */,
				30FBF70E1CC1132000374229 /* ChecklistItem.swift */,
				30FBF7001CC0FA9D00374229 /* Main.storyboard */,
				30FBF7101CC1377800374229 /* ItemDetailViewController.swift */,
				30FBF7031CC0FA9D00374229 /* Assets.xcassets */,
				30FBF7051CC0FA9D00374229 /* LaunchScreen.storyboard */,
				30FBF7081CC0FA9D00374229 /* Info.plist */,
			);
			path = Checklists;
			sourceTree = "<group>";
		};
/* End PBXGroup section */

/* Begin PBXNativeTarget section */
		30FBF6F81CC0FA9D00374229 /* Checklists */ = {
			isa = PBXNativeTarget;
			buildConfigurationList = 30FBF70B1CC0FA9D00374229 /* Build configuration list for PBXNativeTarget "Checklists" */;
			buildPhases = (
				30FBF6F51CC0FA9D00374229 /* Sources */,
				30FBF6F61CC0FA9D00374229 /* Frameworks */,
				30FBF6F71CC0FA9D00374229 /* Resources */,
			);
			buildRules = (
			);
			dependencies = (
			);
			name = Checklists;
			productName = Checklists;
			productReference = 30FBF6F91CC0FA9D00374229 /* Checklists.app */;
			productType = "com.apple.product-type.application";
		};
/* End PBXNativeTarget section */

/* Begin PBXProject section */
		30FBF6F11CC0FA9D00374229 /* Project object */ = {
			isa = PBXProject;
			attributes = {
				LastSwiftUpdateCheck = 0730;
				LastUpgradeCheck = 0730;
				ORGANIZATIONNAME = "Roman Ustiantcev";
				TargetAttributes = {
					30FBF6F81CC0FA9D00374229 = {
						CreatedOnToolsVersion = 7.3;
						DevelopmentTeam = NVMU6WZ9AZ;
					};
				};
			};
			buildConfigurationList = 30FBF6F41CC0FA9D00374229 /* Build configuration list for PBXProject "Checklists" */;
			compatibilityVersion = "Xcode 3.2";
			developmentRegion = English;
			hasScannedForEncodings = 0;
			knownRegions = (
				en,
				Base,
			);
			mainGroup = 30FBF6F01CC0FA9D00374229;
			productRefGroup = 30FBF6FA1CC0FA9D00374229 /* Products */;
			projectDirPath = "";
			projectRoot = "";
			targets = (
				30FBF6F81CC0FA9D00374229 /* Checklists */,
			);
		};
/* End PBXProject section */

/* Begin PBXResourcesBuildPhase section */
		30FBF6F71CC0FA9D00374229 /* Resources */ = {
			isa = PBXResourcesBuildPhase;
			buildActionMask = 2147483647;
			files = (
				30FBF7071CC0FA9D00374229 /* LaunchScreen.storyboard in Resources */,
				30FBF7041CC0FA9D00374229 /* Assets.xcassets in Resources */,
				30FBF7021CC0FA9D00374229 /* Main.storyboard in Resources */,
			);
			runOnlyForDeploymentPostprocessing = 0;
		};
/* End PBXResourcesBuildPhase section */

/* Begin PBXSourcesBuildPhase section */
		30FBF6F51CC0FA9D00374229 /* Sources */ = {
			isa = PBXSourcesBuildPhase;
			buildActionMask = 2147483647;
			files = (
				30FBF7111CC1377800374229 /* ItemDetailViewController.swift in Sources */,
				30FBF6FF1CC0FA9D00374229 /* CheckListViewController.swift in Sources */,
				30FBF70F1CC1132000374229 /* ChecklistItem.swift in Sources */,
				30DF6F591CC8FBEF00BF9167 /* AllListsTableViewController.swift in Sources */,
				30FBF6FD1CC0FA9D00374229 /* AppDelegate.swift in Sources */,
			);
			runOnlyForDeploymentPostprocessing = 0;
		};
/* End PBXSourcesBuildPhase section */

/* Begin PBXVariantGroup section */
		30FBF7001CC0FA9D00374229 /* Main.storyboard */ = {
			isa = PBXVariantGroup;
			children = (
				30FBF7011CC0FA9D00374229 /* Base */,
			);
			name = Main.storyboard;
			sourceTree = "<group>";
		};
		30FBF7051CC0FA9D00374229 /* LaunchScreen.storyboard */ = {
			isa = PBXVariantGroup;
			children = (
				30FBF7061CC0FA9D00374229 /* Base */,
			);
			name = LaunchScreen.storyboard;
			sourceTree = "<group>";
		};
/* End PBXVariantGroup section */

/* Begin XCBuildConfiguration section */
		30FBF7091CC0FA9D00374229 /* Debug */ = {
			isa = XCBuildConfiguration;
			buildSettings = {
				ALWAYS_SEARCH_USER_PATHS = NO;
				CLANG_ANALYZER_NONNULL = YES;
				CLANG_CXX_LANGUAGE_STANDARD = "gnu++0x";
				CLANG_CXX_LIBRARY = "libc++";
				CLANG_ENABLE_MODULES = YES;
				CLANG_ENABLE_OBJC_ARC = YES;
				CLANG_WARN_BOOL_CONVERSION = YES;
				CLANG_WARN_CONSTANT_CONVERSION = YES;
				CLANG_WARN_DIRECT_OBJC_ISA_USAGE = YES_ERROR;
				CLANG_WARN_EMPTY_BODY = YES;
				CLANG_WARN_ENUM_CONVERSION = YES;
				CLANG_WARN_INT_CONVERSION = YES;
				CLANG_WARN_OBJC_ROOT_CLASS = YES_ERROR;
				CLANG_WARN_UNREACHABLE_CODE = YES;
				CLANG_WARN__DUPLICATE_METHOD_MATCH = YES;
				"CODE_SIGN_IDENTITY[sdk=iphoneos*]" = "iPhone Developer";
				COPY_PHASE_STRIP = NO;
				DEBUG_INFORMATION_FORMAT = dwarf;
				ENABLE_STRICT_OBJC_MSGSEND = YES;
				ENABLE_TESTABILITY = YES;
				GCC_C_LANGUAGE_STANDARD = gnu99;
				GCC_DYNAMIC_NO_PIC = NO;
				GCC_NO_COMMON_BLOCKS = YES;
				GCC_OPTIMIZATION_LEVEL = 0;
				GCC_PREPROCESSOR_DEFINITIONS = (
					"DEBUG=1",
					"$(inherited)",
				);
				GCC_WARN_64_TO_32_BIT_CONVERSION = YES;
				GCC_WARN_ABOUT_RETURN_TYPE = YES_ERROR;
				GCC_WARN_UNDECLARED_SELECTOR = YES;
				GCC_WARN_UNINITIALIZED_AUTOS = YES_AGGRESSIVE;
				GCC_WARN_UNUSED_FUNCTION = YES;
				GCC_WARN_UNUSED_VARIABLE = YES;
				IPHONEOS_DEPLOYMENT_TARGET = 9.3;
				MTL_ENABLE_DEBUG_INFO = YES;
				ONLY_ACTIVE_ARCH = YES;
				SDKROOT = iphoneos;
				SWIFT_OPTIMIZATION_LEVEL = "-Onone";
			};
			name = Debug;
		};
		30FBF70A1CC0FA9D00374229 /* Release */ = {
			isa = XCBuildConfiguration;
			buildSettings = {
				ALWAYS_SEARCH_USER_PATHS = NO;
				CLANG_ANALYZER_NONNULL = YES;
				CLANG_CXX_LANGUAGE_STANDARD = "gnu++0x";
				CLANG_CXX_LIBRARY = "libc++";
				CLANG_ENABLE_MODULES = YES;
				CLANG_ENABLE_OBJC_ARC = YES;
				CLANG_WARN_BOOL_CONVERSION = YES;
				CLANG_WARN_CONSTANT_CONVERSION = YES;
				CLANG_WARN_DIRECT_OBJC_ISA_USAGE = YES_ERROR;
				CLANG_WARN_EMPTY_BODY = YES;
				CLANG_WARN_ENUM_CONVERSION = YES;
				CLANG_WARN_INT_CONVERSION = YES;
				CLANG_WARN_OBJC_ROOT_CLASS = YES_ERROR;
				CLANG_WARN_UNREACHABLE_CODE = YES;
				CLANG_WARN__DUPLICATE_METHOD_MATCH = YES;
				"CODE_SIGN_IDENTITY[sdk=iphoneos*]" = "iPhone Developer";
				COPY_PHASE_STRIP = NO;
				DEBUG_INFORMATION_FORMAT = "dwarf-with-dsym";
				ENABLE_NS_ASSERTIONS = NO;
				ENABLE_STRICT_OBJC_MSGSEND = YES;
				GCC_C_LANGUAGE_STANDARD = gnu99;
				GCC_NO_COMMON_BLOCKS = YES;
				GCC_WARN_64_TO_32_BIT_CONVERSION = YES;
				GCC_WARN_ABOUT_RETURN_TYPE = YES_ERROR;
				GCC_WARN_UNDECLARED_SELECTOR = YES;
				GCC_WARN_UNINITIALIZED_AUTOS = YES_AGGRESSIVE;
				GCC_WARN_UNUSED_FUNCTION = YES;
				GCC_WARN_UNUSED_VARIABLE = YES;
				IPHONEOS_DEPLOYMENT_TARGET = 9.3;
				MTL_ENABLE_DEBUG_INFO = NO;
				SDKROOT = iphoneos;
				VALIDATE_PRODUCT = YES;
			};
			name = Release;
		};
		30FBF70C1CC0FA9D00374229 /* Debug */ = {
			isa = XCBuildConfiguration;
			buildSettings = {
				ASSETCATALOG_COMPILER_APPICON_NAME = AppIcon;
				INFOPLIST_FILE = Checklists/Info.plist;
				LD_RUNPATH_SEARCH_PATHS = "$(inherited) @executable_path/Frameworks";
				PRODUCT_BUNDLE_IDENTIFIER = "com.ra-portfolio.Checklists";
				PRODUCT_NAME = "$(TARGET_NAME)";
			};
			name = Debug;
		};
		30FBF70D1CC0FA9D00374229 /* Release */ = {
			isa = XCBuildConfiguration;
			buildSettings = {
				ASSETCATALOG_COMPILER_APPICON_NAME = AppIcon;
				INFOPLIST_FILE = Checklists/Info.plist;
				LD_RUNPATH_SEARCH_PATHS = "$(inherited) @executable_path/Frameworks";
				PRODUCT_BUNDLE_IDENTIFIER = "com.ra-portfolio.Checklists";
				PRODUCT_NAME = "$(TARGET_NAME)";
			};
			name = Release;
		};
/* End XCBuildConfiguration section */

/* Begin XCConfigurationList section */
		30FBF6F41CC0FA9D00374229 /* Build configuration list for PBXProject "Checklists" */ = {
			isa = XCConfigurationList;
			buildConfigurations = (
				30FBF7091CC0FA9D00374229 /* Debug */,
				30FBF70A1CC0FA9D00374229 /* Release */,
			);
			defaultConfigurationIsVisible = 0;
			defaultConfigurationName = Release;
		};
		30FBF70B1CC0FA9D00374229 /* Build configuration list for PBXNativeTarget "Checklists" */ = {
			isa = XCConfigurationList;
			buildConfigurations = (
				30FBF70C1CC0FA9D00374229 /* Debug */,
				30FBF70D1CC0FA9D00374229 /* Release */,
			);
			defaultConfigurationIsVisible = 0;
			defaultConfigurationName = Release;
		};
/* End XCConfigurationList section */
	};
	rootObject = 30FBF6F11CC0FA9D00374229 /* Project object */;
}
